// !$*UTF8*$!
{
	archiveVersion = 1;
	classes = {
	};
	objectVersion = 46;
	objects = {

/* Begin PBXBuildFile section */
		05312C34207373D800A5AD0A /* icons8-home-page-filled-100-white.png in Resources */ = {isa = PBXBuildFile; fileRef = 05312C32207373D700A5AD0A /* icons8-home-page-filled-100-white.png */; };
		05312C35207373D800A5AD0A /* icons8-home-page-filled-100.png in Resources */ = {isa = PBXBuildFile; fileRef = 05312C33207373D800A5AD0A /* icons8-home-page-filled-100.png */; };
		053AEED52060CE1A00B0AB6E /* icons8-paint-brush-100.png in Resources */ = {isa = PBXBuildFile; fileRef = 053AEECD2060CE1700B0AB6E /* icons8-paint-brush-100.png */; };
		053AEED62060CE1A00B0AB6E /* icons8-paint-brush-filled-100-white.png in Resources */ = {isa = PBXBuildFile; fileRef = 053AEECE2060CE1800B0AB6E /* icons8-paint-brush-filled-100-white.png */; };
		053AEED72060CE1A00B0AB6E /* icons8-paint-brush-filled-100.png in Resources */ = {isa = PBXBuildFile; fileRef = 053AEECF2060CE1800B0AB6E /* icons8-paint-brush-filled-100.png */; };
		053AEED82060CE1A00B0AB6E /* icons8-paint-100-white.png in Resources */ = {isa = PBXBuildFile; fileRef = 053AEED02060CE1800B0AB6E /* icons8-paint-100-white.png */; };
		053AEED92060CE1A00B0AB6E /* icons8-paint-filled-100-white.png in Resources */ = {isa = PBXBuildFile; fileRef = 053AEED12060CE1900B0AB6E /* icons8-paint-filled-100-white.png */; };
		053AEEDA2060CE1A00B0AB6E /* icons8-paint-100.png in Resources */ = {isa = PBXBuildFile; fileRef = 053AEED22060CE1900B0AB6E /* icons8-paint-100.png */; };
		053AEEDB2060CE1A00B0AB6E /* icons8-paint-filled-100.png in Resources */ = {isa = PBXBuildFile; fileRef = 053AEED32060CE1900B0AB6E /* icons8-paint-filled-100.png */; };
		053AEEDC2060CE1A00B0AB6E /* icons8-paint-brush-100-white.png in Resources */ = {isa = PBXBuildFile; fileRef = 053AEED42060CE1A00B0AB6E /* icons8-paint-brush-100-white.png */; };
		053AEEDF2060D81C00B0AB6E /* PageContentViewController.m in Sources */ = {isa = PBXBuildFile; fileRef = 053AEEDE2060D81C00B0AB6E /* PageContentViewController.m */; };
		053AEEE5206139B900B0AB6E /* helpPage1.pdf in Resources */ = {isa = PBXBuildFile; fileRef = 053AEEE4206139B800B0AB6E /* helpPage1.pdf */; };
		053AEEE820613E7800B0AB6E /* helpPage2.pdf in Resources */ = {isa = PBXBuildFile; fileRef = 053AEEE620613E7700B0AB6E /* helpPage2.pdf */; };
		053AEEE920613E7800B0AB6E /* helpPage3.pdf in Resources */ = {isa = PBXBuildFile; fileRef = 053AEEE720613E7700B0AB6E /* helpPage3.pdf */; };
		054419E320BBD198004CAAFA /* GameKit.framework in Frameworks */ = {isa = PBXBuildFile; fileRef = 054419E220BBD198004CAAFA /* GameKit.framework */; };
		054419E520BBD19C004CAAFA /* StoreKit.framework in Frameworks */ = {isa = PBXBuildFile; fileRef = 054419E420BBD19C004CAAFA /* StoreKit.framework */; };
		054815532027C87300442C26 /* icons8-info-100.png in Resources */ = {isa = PBXBuildFile; fileRef = 054815522027C87300442C26 /* icons8-info-100.png */; };
		054815552027C8C600442C26 /* icons8-help-100.png in Resources */ = {isa = PBXBuildFile; fileRef = 054815542027C8C500442C26 /* icons8-help-100.png */; };
		054815582027CD3200442C26 /* icons8-cancel-100.png in Resources */ = {isa = PBXBuildFile; fileRef = 054815562027CD3100442C26 /* icons8-cancel-100.png */; };
		054815592027CD3200442C26 /* icons8-cancel-filled-100.png in Resources */ = {isa = PBXBuildFile; fileRef = 054815572027CD3200442C26 /* icons8-cancel-filled-100.png */; };
		0548155C2027CDF400442C26 /* HelpViewController.m in Sources */ = {isa = PBXBuildFile; fileRef = 0548155B2027CDF400442C26 /* HelpViewController.m */; };
		05481563202829FB00442C26 /* icons8-ok-500.png in Resources */ = {isa = PBXBuildFile; fileRef = 0548155D202829F800442C26 /* icons8-ok-500.png */; };
		05481564202829FB00442C26 /* icons8-trash-can-500.png in Resources */ = {isa = PBXBuildFile; fileRef = 0548155E202829F800442C26 /* icons8-trash-can-500.png */; };
		05481565202829FB00442C26 /* icons8-trash-can-filled-500.png in Resources */ = {isa = PBXBuildFile; fileRef = 0548155F202829F900442C26 /* icons8-trash-can-filled-500.png */; };
		05481566202829FB00442C26 /* icons8-cancel-filled-500.png in Resources */ = {isa = PBXBuildFile; fileRef = 05481560202829F900442C26 /* icons8-cancel-filled-500.png */; };
		05481567202829FB00442C26 /* icons8-ok-filled-500.png in Resources */ = {isa = PBXBuildFile; fileRef = 05481561202829FA00442C26 /* icons8-ok-filled-500.png */; };
		05481568202829FB00442C26 /* icons8-cancel-500.png in Resources */ = {isa = PBXBuildFile; fileRef = 05481562202829FA00442C26 /* icons8-cancel-500.png */; };
		0548156B202842EB00442C26 /* SubmitViewController.m in Sources */ = {isa = PBXBuildFile; fileRef = 0548156A202842EB00442C26 /* SubmitViewController.m */; };
		0548156E2028477E00442C26 /* PermissionViewController.m in Sources */ = {isa = PBXBuildFile; fileRef = 0548156D2028477E00442C26 /* PermissionViewController.m */; };
		0562BBAD1F95920700272B6E /* Launch Screen.storyboard in Resources */ = {isa = PBXBuildFile; fileRef = 0562BBAC1F95920700272B6E /* Launch Screen.storyboard */; };
		057B0A772043E5A7002080DF /* icons8-settings-white-100.png in Resources */ = {isa = PBXBuildFile; fileRef = 057B0A702043E5A0002080DF /* icons8-settings-white-100.png */; };
		057B0A782043E5A7002080DF /* icons8-forward-arrow-white-100.png in Resources */ = {isa = PBXBuildFile; fileRef = 057B0A712043E5A2002080DF /* icons8-forward-arrow-white-100.png */; };
		057B0A792043E5A7002080DF /* icons8-help-white-100.png in Resources */ = {isa = PBXBuildFile; fileRef = 057B0A722043E5A2002080DF /* icons8-help-white-100.png */; };
		057B0A7A2043E5A7002080DF /* icons8-cancel-white-500.png in Resources */ = {isa = PBXBuildFile; fileRef = 057B0A732043E5A3002080DF /* icons8-cancel-white-500.png */; };
		057B0A7B2043E5A7002080DF /* icons8-ok-white-500.png in Resources */ = {isa = PBXBuildFile; fileRef = 057B0A742043E5A4002080DF /* icons8-ok-white-500.png */; };
		057B0A7C2043E5A7002080DF /* icons8-back-arrow-white-100.png in Resources */ = {isa = PBXBuildFile; fileRef = 057B0A752043E5A5002080DF /* icons8-back-arrow-white-100.png */; };
		057B0A7D2043E5A7002080DF /* icons8-trash-can-white-500.png in Resources */ = {isa = PBXBuildFile; fileRef = 057B0A762043E5A6002080DF /* icons8-trash-can-white-500.png */; };
		057EE8BF20858DCC00BFFF49 /* Settings.bundle in Resources */ = {isa = PBXBuildFile; fileRef = 057EE8BE20858DCC00BFFF49 /* Settings.bundle */; };
		0586EB22202046A900E7520F /* icons8-forward-arrow-100.png in Resources */ = {isa = PBXBuildFile; fileRef = 0586EB1E202046A800E7520F /* icons8-forward-arrow-100.png */; };
		0586EB23202046A900E7520F /* icons8-back-arrow-100.png in Resources */ = {isa = PBXBuildFile; fileRef = 0586EB1F202046A800E7520F /* icons8-back-arrow-100.png */; };
		0586EB24202046A900E7520F /* icons8-waste-100.png in Resources */ = {isa = PBXBuildFile; fileRef = 0586EB20202046A800E7520F /* icons8-waste-100.png */; };
		0586EB25202046A900E7520F /* icons8-ok-100.png in Resources */ = {isa = PBXBuildFile; fileRef = 0586EB21202046A900E7520F /* icons8-ok-100.png */; };
		0586EB272020479500E7520F /* icons8-settings-100.png in Resources */ = {isa = PBXBuildFile; fileRef = 0586EB262020479400E7520F /* icons8-settings-100.png */; };
		0586EB2920204D6000E7520F /* Main.storyboard in Resources */ = {isa = PBXBuildFile; fileRef = 0586EB2820204D6000E7520F /* Main.storyboard */; };
		05AD04A1204E75B8007CACEE /* charcoal.png in Resources */ = {isa = PBXBuildFile; fileRef = 05AD04A0204E75B8007CACEE /* charcoal.png */; };
		05E812112057A11800BA6F97 /* Linotype - Neue Haas Grotesk Display Pro 55 Roman.ttf in Resources */ = {isa = PBXBuildFile; fileRef = 05E8120F2057A11600BA6F97 /* Linotype - Neue Haas Grotesk Display Pro 55 Roman.ttf */; };
		05E812122057A11800BA6F97 /* Rene Bieder - Galano Grotesque Bold.otf in Resources */ = {isa = PBXBuildFile; fileRef = 05E812102057A11700BA6F97 /* Rene Bieder - Galano Grotesque Bold.otf */; };
		05F4311F1F957A2300143B28 /* Media.xcassets in Resources */ = {isa = PBXBuildFile; fileRef = 05F4311E1F957A2300143B28 /* Media.xcassets */; };
		6625FBB1174C219D009CC541 /* Filled.png in Resources */ = {isa = PBXBuildFile; fileRef = 6625FBB0174C219D009CC541 /* Filled.png */; };
		6645055616EFCD7E00B90511 /* check.png in Resources */ = {isa = PBXBuildFile; fileRef = 6645055416EFCD7E00B90511 /* check.png */; };
		6645055716EFCD7E00B90511 /* check@2x.png in Resources */ = {isa = PBXBuildFile; fileRef = 6645055516EFCD7E00B90511 /* check@2x.png */; };
		668B560916F25B24000F6674 /* CoreGraphics.framework in Frameworks */ = {isa = PBXBuildFile; fileRef = 669B3AA11692BC7D00F12F42 /* CoreGraphics.framework */; };
		668B560A16F25BA6000F6674 /* QuartzCore.framework in Frameworks */ = {isa = PBXBuildFile; fileRef = 669B3AA31692BD6E00F12F42 /* QuartzCore.framework */; };
		66910E8916803FCF0046EE12 /* Pen.m in Sources */ = {isa = PBXBuildFile; fileRef = 66910E8816803FCF0046EE12 /* Pen.m */; };
		66910E94168043400046EE12 /* Marker.m in Sources */ = {isa = PBXBuildFile; fileRef = 66910E93168043400046EE12 /* Marker.m */; };
		669B3A9E1692BC4500F12F42 /* OpenGLES.framework in Frameworks */ = {isa = PBXBuildFile; fileRef = 669B3A9D1692BC4500F12F42 /* OpenGLES.framework */; };
		669B3AC61692C6E300F12F42 /* FadedCircle.png in Resources */ = {isa = PBXBuildFile; fileRef = 669B3AC51692C6E300F12F42 /* FadedCircle.png */; };
		669B3ACB1692CB4C00F12F42 /* Circle.png in Resources */ = {isa = PBXBuildFile; fileRef = 669B3ACA1692CB4C00F12F42 /* Circle.png */; };
		669B3ACD169378DB00F12F42 /* Square.png in Resources */ = {isa = PBXBuildFile; fileRef = 669B3ACC169378DB00F12F42 /* Square.png */; };
		66A340221694D3890093E81A /* Rectangle.png in Resources */ = {isa = PBXBuildFile; fileRef = 66A340211694D3890093E81A /* Rectangle.png */; };
		66AA5F55169946A60046CA26 /* button-reset-ruby.png in Resources */ = {isa = PBXBuildFile; fileRef = 66AA5F4D169946A60046CA26 /* button-reset-ruby.png */; };
		66AA5F56169946A60046CA26 /* button-reset-ruby@2x.png in Resources */ = {isa = PBXBuildFile; fileRef = 66AA5F4E169946A60046CA26 /* button-reset-ruby@2x.png */; };
		66AA5F57169946A60046CA26 /* button-reset.png in Resources */ = {isa = PBXBuildFile; fileRef = 66AA5F4F169946A60046CA26 /* button-reset.png */; };
		66AA5F59169946A60046CA26 /* button-reset@2x.png in Resources */ = {isa = PBXBuildFile; fileRef = 66AA5F51169946A60046CA26 /* button-reset@2x.png */; };
		66AA5F5E169949AA0046CA26 /* ViewController.xib in Resources */ = {isa = PBXBuildFile; fileRef = 66AA5F5D169949A90046CA26 /* ViewController.xib */; };
		66AA5F8C169E20420046CA26 /* Eraser.m in Sources */ = {isa = PBXBuildFile; fileRef = 66AA5F8B169E20420046CA26 /* Eraser.m */; };
		66F9214816734FF000B1F868 /* UIKit.framework in Frameworks */ = {isa = PBXBuildFile; fileRef = 66F9214716734FF000B1F868 /* UIKit.framework */; };
		66F9214A16734FF000B1F868 /* Foundation.framework in Frameworks */ = {isa = PBXBuildFile; fileRef = 66F9214916734FF000B1F868 /* Foundation.framework */; };
		66F9215216734FF000B1F868 /* InfoPlist.strings in Resources */ = {isa = PBXBuildFile; fileRef = 66F9215016734FF000B1F868 /* InfoPlist.strings */; };
		66F9215416734FF000B1F868 /* main.m in Sources */ = {isa = PBXBuildFile; fileRef = 66F9215316734FF000B1F868 /* main.m */; };
		66F9215816734FF000B1F868 /* AppDelegate.m in Sources */ = {isa = PBXBuildFile; fileRef = 66F9215716734FF000B1F868 /* AppDelegate.m */; };
		66F9215A16734FF000B1F868 /* Default.png in Resources */ = {isa = PBXBuildFile; fileRef = 66F9215916734FF000B1F868 /* Default.png */; };
		66F9215C16734FF000B1F868 /* Default@2x.png in Resources */ = {isa = PBXBuildFile; fileRef = 66F9215B16734FF000B1F868 /* Default@2x.png */; };
		66F9215E16734FF000B1F868 /* Default-568h@2x.png in Resources */ = {isa = PBXBuildFile; fileRef = 66F9215D16734FF000B1F868 /* Default-568h@2x.png */; };
		66F9216116734FF000B1F868 /* ViewController.m in Sources */ = {isa = PBXBuildFile; fileRef = 66F9216016734FF000B1F868 /* ViewController.m */; };
		C5018DED1C2BCE4A00A68A1C /* SystemConfiguration.framework in Frameworks */ = {isa = PBXBuildFile; fileRef = C5018DEC1C2BCE4A00A68A1C /* SystemConfiguration.framework */; };
		C5018DEF1C2BCE5100A68A1C /* CoreMotion.framework in Frameworks */ = {isa = PBXBuildFile; fileRef = C5018DEE1C2BCE5100A68A1C /* CoreMotion.framework */; };
		C5395C2321CEEC2D0087B332 /* Highlighter.m in Sources */ = {isa = PBXBuildFile; fileRef = C5395C2221CEEC2D0087B332 /* Highlighter.m */; };
		C5395C2521CEEE5C0087B332 /* highlighter.png in Resources */ = {isa = PBXBuildFile; fileRef = C5395C2421CEEE5C0087B332 /* highlighter.png */; };
		C56201CE1DDE74C200FF508E /* colorlesspoint.vsh in Resources */ = {isa = PBXBuildFile; fileRef = C56201C81DDE74C200FF508E /* colorlesspoint.vsh */; };
		C56201CF1DDE74C200FF508E /* coloredpoint.vsh in Resources */ = {isa = PBXBuildFile; fileRef = C56201C91DDE74C200FF508E /* coloredpoint.vsh */; };
		C56201D01DDE74C200FF508E /* quad.vsh in Resources */ = {isa = PBXBuildFile; fileRef = C56201CA1DDE74C200FF508E /* quad.vsh */; };
		C56201D11DDE74C200FF508E /* quad.fsh in Resources */ = {isa = PBXBuildFile; fileRef = C56201CB1DDE74C200FF508E /* quad.fsh */; };
		C56201D21DDE74C200FF508E /* stencil.fsh in Resources */ = {isa = PBXBuildFile; fileRef = C56201CC1DDE74C200FF508E /* stencil.fsh */; };
		C56201D31DDE74C200FF508E /* point.fsh in Resources */ = {isa = PBXBuildFile; fileRef = C56201CD1DDE74C200FF508E /* point.fsh */; };
		C584F8351C37C4AB00413840 /* Particle.png in Resources */ = {isa = PBXBuildFile; fileRef = C584F8341C37C4AB00413840 /* Particle.png */; };
		C59C7D95207F00210030634A /* SquareBrushTexture.m in Sources */ = {isa = PBXBuildFile; fileRef = C59C7D93207F00210030634A /* SquareBrushTexture.m */; };
		C5C459EA1DBF155900C50EA7 /* JotUI.framework in Frameworks */ = {isa = PBXBuildFile; fileRef = C5C459E91DBF155900C50EA7 /* JotUI.framework */; };
		C5E0C8131E04A95900D8E301 /* ViewController~iphone.xib in Resources */ = {isa = PBXBuildFile; fileRef = C5E0C8121E04A95900D8E301 /* ViewController~iphone.xib */; };
/* End PBXBuildFile section */

/* Begin PBXFileReference section */
		05312C32207373D700A5AD0A /* icons8-home-page-filled-100-white.png */ = {isa = PBXFileReference; lastKnownFileType = image.png; path = "icons8-home-page-filled-100-white.png"; sourceTree = "<group>"; };
		05312C33207373D800A5AD0A /* icons8-home-page-filled-100.png */ = {isa = PBXFileReference; lastKnownFileType = image.png; path = "icons8-home-page-filled-100.png"; sourceTree = "<group>"; };
		053AEECD2060CE1700B0AB6E /* icons8-paint-brush-100.png */ = {isa = PBXFileReference; lastKnownFileType = image.png; path = "icons8-paint-brush-100.png"; sourceTree = "<group>"; };
		053AEECE2060CE1800B0AB6E /* icons8-paint-brush-filled-100-white.png */ = {isa = PBXFileReference; lastKnownFileType = image.png; path = "icons8-paint-brush-filled-100-white.png"; sourceTree = "<group>"; };
		053AEECF2060CE1800B0AB6E /* icons8-paint-brush-filled-100.png */ = {isa = PBXFileReference; lastKnownFileType = image.png; path = "icons8-paint-brush-filled-100.png"; sourceTree = "<group>"; };
		053AEED02060CE1800B0AB6E /* icons8-paint-100-white.png */ = {isa = PBXFileReference; lastKnownFileType = image.png; path = "icons8-paint-100-white.png"; sourceTree = "<group>"; };
		053AEED12060CE1900B0AB6E /* icons8-paint-filled-100-white.png */ = {isa = PBXFileReference; lastKnownFileType = image.png; path = "icons8-paint-filled-100-white.png"; sourceTree = "<group>"; };
		053AEED22060CE1900B0AB6E /* icons8-paint-100.png */ = {isa = PBXFileReference; lastKnownFileType = image.png; path = "icons8-paint-100.png"; sourceTree = "<group>"; };
		053AEED32060CE1900B0AB6E /* icons8-paint-filled-100.png */ = {isa = PBXFileReference; lastKnownFileType = image.png; path = "icons8-paint-filled-100.png"; sourceTree = "<group>"; };
		053AEED42060CE1A00B0AB6E /* icons8-paint-brush-100-white.png */ = {isa = PBXFileReference; lastKnownFileType = image.png; path = "icons8-paint-brush-100-white.png"; sourceTree = "<group>"; };
		053AEEDD2060D81C00B0AB6E /* PageContentViewController.h */ = {isa = PBXFileReference; lastKnownFileType = sourcecode.c.h; path = PageContentViewController.h; sourceTree = "<group>"; };
		053AEEDE2060D81C00B0AB6E /* PageContentViewController.m */ = {isa = PBXFileReference; lastKnownFileType = sourcecode.c.objc; path = PageContentViewController.m; sourceTree = "<group>"; };
		053AEEE4206139B800B0AB6E /* helpPage1.pdf */ = {isa = PBXFileReference; lastKnownFileType = image.pdf; path = helpPage1.pdf; sourceTree = "<group>"; };
		053AEEE620613E7700B0AB6E /* helpPage2.pdf */ = {isa = PBXFileReference; lastKnownFileType = image.pdf; path = helpPage2.pdf; sourceTree = "<group>"; };
		053AEEE720613E7700B0AB6E /* helpPage3.pdf */ = {isa = PBXFileReference; lastKnownFileType = image.pdf; path = helpPage3.pdf; sourceTree = "<group>"; };
		054419E220BBD198004CAAFA /* GameKit.framework */ = {isa = PBXFileReference; lastKnownFileType = wrapper.framework; name = GameKit.framework; path = System/Library/Frameworks/GameKit.framework; sourceTree = SDKROOT; };
		054419E420BBD19C004CAAFA /* StoreKit.framework */ = {isa = PBXFileReference; lastKnownFileType = wrapper.framework; name = StoreKit.framework; path = System/Library/Frameworks/StoreKit.framework; sourceTree = SDKROOT; };
		054815522027C87300442C26 /* icons8-info-100.png */ = {isa = PBXFileReference; lastKnownFileType = image.png; path = "icons8-info-100.png"; sourceTree = "<group>"; };
		054815542027C8C500442C26 /* icons8-help-100.png */ = {isa = PBXFileReference; lastKnownFileType = image.png; path = "icons8-help-100.png"; sourceTree = "<group>"; };
		054815562027CD3100442C26 /* icons8-cancel-100.png */ = {isa = PBXFileReference; lastKnownFileType = image.png; path = "icons8-cancel-100.png"; sourceTree = "<group>"; };
		054815572027CD3200442C26 /* icons8-cancel-filled-100.png */ = {isa = PBXFileReference; lastKnownFileType = image.png; path = "icons8-cancel-filled-100.png"; sourceTree = "<group>"; };
		0548155A2027CDF400442C26 /* HelpViewController.h */ = {isa = PBXFileReference; lastKnownFileType = sourcecode.c.h; path = HelpViewController.h; sourceTree = "<group>"; };
		0548155B2027CDF400442C26 /* HelpViewController.m */ = {isa = PBXFileReference; lastKnownFileType = sourcecode.c.objc; path = HelpViewController.m; sourceTree = "<group>"; };
		0548155D202829F800442C26 /* icons8-ok-500.png */ = {isa = PBXFileReference; lastKnownFileType = image.png; path = "icons8-ok-500.png"; sourceTree = "<group>"; };
		0548155E202829F800442C26 /* icons8-trash-can-500.png */ = {isa = PBXFileReference; lastKnownFileType = image.png; path = "icons8-trash-can-500.png"; sourceTree = "<group>"; };
		0548155F202829F900442C26 /* icons8-trash-can-filled-500.png */ = {isa = PBXFileReference; lastKnownFileType = image.png; path = "icons8-trash-can-filled-500.png"; sourceTree = "<group>"; };
		05481560202829F900442C26 /* icons8-cancel-filled-500.png */ = {isa = PBXFileReference; lastKnownFileType = image.png; path = "icons8-cancel-filled-500.png"; sourceTree = "<group>"; };
		05481561202829FA00442C26 /* icons8-ok-filled-500.png */ = {isa = PBXFileReference; lastKnownFileType = image.png; path = "icons8-ok-filled-500.png"; sourceTree = "<group>"; };
		05481562202829FA00442C26 /* icons8-cancel-500.png */ = {isa = PBXFileReference; lastKnownFileType = image.png; path = "icons8-cancel-500.png"; sourceTree = "<group>"; };
		05481569202842EB00442C26 /* SubmitViewController.h */ = {isa = PBXFileReference; lastKnownFileType = sourcecode.c.h; path = SubmitViewController.h; sourceTree = "<group>"; };
		0548156A202842EB00442C26 /* SubmitViewController.m */ = {isa = PBXFileReference; lastKnownFileType = sourcecode.c.objc; path = SubmitViewController.m; sourceTree = "<group>"; };
		0548156C2028477E00442C26 /* PermissionViewController.h */ = {isa = PBXFileReference; lastKnownFileType = sourcecode.c.h; path = PermissionViewController.h; sourceTree = "<group>"; };
		0548156D2028477E00442C26 /* PermissionViewController.m */ = {isa = PBXFileReference; lastKnownFileType = sourcecode.c.objc; path = PermissionViewController.m; sourceTree = "<group>"; };
		0562BBAC1F95920700272B6E /* Launch Screen.storyboard */ = {isa = PBXFileReference; lastKnownFileType = file.storyboard; name = "Launch Screen.storyboard"; path = "modpain/Launch Screen.storyboard"; sourceTree = "<group>"; };
		057B0A702043E5A0002080DF /* icons8-settings-white-100.png */ = {isa = PBXFileReference; lastKnownFileType = image.png; path = "icons8-settings-white-100.png"; sourceTree = "<group>"; };
		057B0A712043E5A2002080DF /* icons8-forward-arrow-white-100.png */ = {isa = PBXFileReference; lastKnownFileType = image.png; path = "icons8-forward-arrow-white-100.png"; sourceTree = "<group>"; };
		057B0A722043E5A2002080DF /* icons8-help-white-100.png */ = {isa = PBXFileReference; lastKnownFileType = image.png; path = "icons8-help-white-100.png"; sourceTree = "<group>"; };
		057B0A732043E5A3002080DF /* icons8-cancel-white-500.png */ = {isa = PBXFileReference; lastKnownFileType = image.png; path = "icons8-cancel-white-500.png"; sourceTree = "<group>"; };
		057B0A742043E5A4002080DF /* icons8-ok-white-500.png */ = {isa = PBXFileReference; lastKnownFileType = image.png; path = "icons8-ok-white-500.png"; sourceTree = "<group>"; };
		057B0A752043E5A5002080DF /* icons8-back-arrow-white-100.png */ = {isa = PBXFileReference; lastKnownFileType = image.png; path = "icons8-back-arrow-white-100.png"; sourceTree = "<group>"; };
		057B0A762043E5A6002080DF /* icons8-trash-can-white-500.png */ = {isa = PBXFileReference; lastKnownFileType = image.png; path = "icons8-trash-can-white-500.png"; sourceTree = "<group>"; };
		057EE8BE20858DCC00BFFF49 /* Settings.bundle */ = {isa = PBXFileReference; lastKnownFileType = "wrapper.plug-in"; path = Settings.bundle; sourceTree = "<group>"; };
		0586EB1E202046A800E7520F /* icons8-forward-arrow-100.png */ = {isa = PBXFileReference; lastKnownFileType = image.png; path = "icons8-forward-arrow-100.png"; sourceTree = "<group>"; };
		0586EB1F202046A800E7520F /* icons8-back-arrow-100.png */ = {isa = PBXFileReference; lastKnownFileType = image.png; path = "icons8-back-arrow-100.png"; sourceTree = "<group>"; };
		0586EB20202046A800E7520F /* icons8-waste-100.png */ = {isa = PBXFileReference; lastKnownFileType = image.png; path = "icons8-waste-100.png"; sourceTree = "<group>"; };
		0586EB21202046A900E7520F /* icons8-ok-100.png */ = {isa = PBXFileReference; lastKnownFileType = image.png; path = "icons8-ok-100.png"; sourceTree = "<group>"; };
		0586EB262020479400E7520F /* icons8-settings-100.png */ = {isa = PBXFileReference; lastKnownFileType = image.png; path = "icons8-settings-100.png"; sourceTree = "<group>"; };
		0586EB2820204D6000E7520F /* Main.storyboard */ = {isa = PBXFileReference; lastKnownFileType = file.storyboard; path = Main.storyboard; sourceTree = "<group>"; };
		05AD04A0204E75B8007CACEE /* charcoal.png */ = {isa = PBXFileReference; lastKnownFileType = image.png; name = charcoal.png; path = ../JotUI/JotUI/charcoal.png; sourceTree = "<group>"; };
		05E8120F2057A11600BA6F97 /* Linotype - Neue Haas Grotesk Display Pro 55 Roman.ttf */ = {isa = PBXFileReference; lastKnownFileType = file; path = "Linotype - Neue Haas Grotesk Display Pro 55 Roman.ttf"; sourceTree = "<group>"; };
		05E812102057A11700BA6F97 /* Rene Bieder - Galano Grotesque Bold.otf */ = {isa = PBXFileReference; lastKnownFileType = file; path = "Rene Bieder - Galano Grotesque Bold.otf"; sourceTree = "<group>"; };
		05F4311E1F957A2300143B28 /* Media.xcassets */ = {isa = PBXFileReference; lastKnownFileType = folder.assetcatalog; name = Media.xcassets; path = modpain/Media.xcassets; sourceTree = "<group>"; };
		6625FBB0174C219D009CC541 /* Filled.png */ = {isa = PBXFileReference; lastKnownFileType = image.png; path = Filled.png; sourceTree = "<group>"; };
		6645055416EFCD7E00B90511 /* check.png */ = {isa = PBXFileReference; lastKnownFileType = image.png; path = check.png; sourceTree = "<group>"; };
		6645055516EFCD7E00B90511 /* check@2x.png */ = {isa = PBXFileReference; lastKnownFileType = image.png; path = "check@2x.png"; sourceTree = "<group>"; };
		66910E8716803FCF0046EE12 /* Pen.h */ = {isa = PBXFileReference; fileEncoding = 4; lastKnownFileType = sourcecode.c.h; path = Pen.h; sourceTree = "<group>"; };
		66910E8816803FCF0046EE12 /* Pen.m */ = {isa = PBXFileReference; fileEncoding = 4; lastKnownFileType = sourcecode.c.objc; path = Pen.m; sourceTree = "<group>"; };
		66910E92168043400046EE12 /* Marker.h */ = {isa = PBXFileReference; fileEncoding = 4; lastKnownFileType = sourcecode.c.h; path = Marker.h; sourceTree = "<group>"; };
		66910E93168043400046EE12 /* Marker.m */ = {isa = PBXFileReference; fileEncoding = 4; lastKnownFileType = sourcecode.c.objc; path = Marker.m; sourceTree = "<group>"; };
		669B3A9D1692BC4500F12F42 /* OpenGLES.framework */ = {isa = PBXFileReference; lastKnownFileType = wrapper.framework; name = OpenGLES.framework; path = System/Library/Frameworks/OpenGLES.framework; sourceTree = SDKROOT; };
		669B3AA11692BC7D00F12F42 /* CoreGraphics.framework */ = {isa = PBXFileReference; lastKnownFileType = wrapper.framework; name = CoreGraphics.framework; path = System/Library/Frameworks/CoreGraphics.framework; sourceTree = SDKROOT; };
		669B3AA31692BD6E00F12F42 /* QuartzCore.framework */ = {isa = PBXFileReference; lastKnownFileType = wrapper.framework; name = QuartzCore.framework; path = System/Library/Frameworks/QuartzCore.framework; sourceTree = SDKROOT; };
		669B3AC51692C6E300F12F42 /* FadedCircle.png */ = {isa = PBXFileReference; lastKnownFileType = image.png; path = FadedCircle.png; sourceTree = "<group>"; };
		669B3ACA1692CB4C00F12F42 /* Circle.png */ = {isa = PBXFileReference; lastKnownFileType = image.png; path = Circle.png; sourceTree = "<group>"; };
		669B3ACC169378DB00F12F42 /* Square.png */ = {isa = PBXFileReference; lastKnownFileType = image.png; path = Square.png; sourceTree = "<group>"; };
		66A340211694D3890093E81A /* Rectangle.png */ = {isa = PBXFileReference; lastKnownFileType = image.png; path = Rectangle.png; sourceTree = "<group>"; };
		66AA5F4D169946A60046CA26 /* button-reset-ruby.png */ = {isa = PBXFileReference; lastKnownFileType = image.png; path = "button-reset-ruby.png"; sourceTree = "<group>"; };
		66AA5F4E169946A60046CA26 /* button-reset-ruby@2x.png */ = {isa = PBXFileReference; lastKnownFileType = image.png; path = "button-reset-ruby@2x.png"; sourceTree = "<group>"; };
		66AA5F4F169946A60046CA26 /* button-reset.png */ = {isa = PBXFileReference; lastKnownFileType = image.png; path = "button-reset.png"; sourceTree = "<group>"; };
		66AA5F51169946A60046CA26 /* button-reset@2x.png */ = {isa = PBXFileReference; lastKnownFileType = image.png; path = "button-reset@2x.png"; sourceTree = "<group>"; };
		66AA5F5D169949A90046CA26 /* ViewController.xib */ = {isa = PBXFileReference; fileEncoding = 4; lastKnownFileType = file.xib; path = ViewController.xib; sourceTree = "<group>"; };
		66AA5F8A169E20420046CA26 /* Eraser.h */ = {isa = PBXFileReference; fileEncoding = 4; lastKnownFileType = sourcecode.c.h; path = Eraser.h; sourceTree = "<group>"; };
		66AA5F8B169E20420046CA26 /* Eraser.m */ = {isa = PBXFileReference; fileEncoding = 4; lastKnownFileType = sourcecode.c.objc; path = Eraser.m; sourceTree = "<group>"; };
		66F9214316734FF000B1F868 /* modpain.app */ = {isa = PBXFileReference; explicitFileType = wrapper.application; includeInIndex = 0; path = modpain.app; sourceTree = BUILT_PRODUCTS_DIR; };
		66F9214716734FF000B1F868 /* UIKit.framework */ = {isa = PBXFileReference; lastKnownFileType = wrapper.framework; name = UIKit.framework; path = System/Library/Frameworks/UIKit.framework; sourceTree = SDKROOT; };
		66F9214916734FF000B1F868 /* Foundation.framework */ = {isa = PBXFileReference; lastKnownFileType = wrapper.framework; name = Foundation.framework; path = System/Library/Frameworks/Foundation.framework; sourceTree = SDKROOT; };
		66F9214F16734FF000B1F868 /* modpain-Info.plist */ = {isa = PBXFileReference; lastKnownFileType = text.plist.xml; path = "modpain-Info.plist"; sourceTree = "<group>"; };
		66F9215116734FF000B1F868 /* en */ = {isa = PBXFileReference; lastKnownFileType = text.plist.strings; name = en; path = en.lproj/InfoPlist.strings; sourceTree = "<group>"; };
		66F9215316734FF000B1F868 /* main.m */ = {isa = PBXFileReference; lastKnownFileType = sourcecode.c.objc; path = main.m; sourceTree = "<group>"; };
		66F9215516734FF000B1F868 /* modpain-Prefix.pch */ = {isa = PBXFileReference; lastKnownFileType = sourcecode.c.h; path = "modpain-Prefix.pch"; sourceTree = "<group>"; };
		66F9215616734FF000B1F868 /* AppDelegate.h */ = {isa = PBXFileReference; lastKnownFileType = sourcecode.c.h; path = AppDelegate.h; sourceTree = "<group>"; };
		66F9215716734FF000B1F868 /* AppDelegate.m */ = {isa = PBXFileReference; lastKnownFileType = sourcecode.c.objc; path = AppDelegate.m; sourceTree = "<group>"; };
		66F9215916734FF000B1F868 /* Default.png */ = {isa = PBXFileReference; lastKnownFileType = image.png; path = Default.png; sourceTree = "<group>"; };
		66F9215B16734FF000B1F868 /* Default@2x.png */ = {isa = PBXFileReference; lastKnownFileType = image.png; path = "Default@2x.png"; sourceTree = "<group>"; };
		66F9215D16734FF000B1F868 /* Default-568h@2x.png */ = {isa = PBXFileReference; lastKnownFileType = image.png; path = "Default-568h@2x.png"; sourceTree = "<group>"; };
		66F9215F16734FF000B1F868 /* ViewController.h */ = {isa = PBXFileReference; lastKnownFileType = sourcecode.c.h; path = ViewController.h; sourceTree = "<group>"; };
		66F9216016734FF000B1F868 /* ViewController.m */ = {isa = PBXFileReference; lastKnownFileType = sourcecode.c.objc; path = ViewController.m; sourceTree = "<group>"; };
		C5018DEC1C2BCE4A00A68A1C /* SystemConfiguration.framework */ = {isa = PBXFileReference; lastKnownFileType = wrapper.framework; name = SystemConfiguration.framework; path = System/Library/Frameworks/SystemConfiguration.framework; sourceTree = SDKROOT; };
		C5018DEE1C2BCE5100A68A1C /* CoreMotion.framework */ = {isa = PBXFileReference; lastKnownFileType = wrapper.framework; name = CoreMotion.framework; path = System/Library/Frameworks/CoreMotion.framework; sourceTree = SDKROOT; };
		C5395C2121CEEC2D0087B332 /* Highlighter.h */ = {isa = PBXFileReference; fileEncoding = 4; lastKnownFileType = sourcecode.c.h; path = Highlighter.h; sourceTree = "<group>"; };
		C5395C2221CEEC2D0087B332 /* Highlighter.m */ = {isa = PBXFileReference; fileEncoding = 4; lastKnownFileType = sourcecode.c.objc; path = Highlighter.m; sourceTree = "<group>"; };
		C5395C2421CEEE5C0087B332 /* highlighter.png */ = {isa = PBXFileReference; lastKnownFileType = image.png; name = highlighter.png; path = ../../JotUI/JotUI/highlighter.png; sourceTree = "<group>"; };
		C56201C81DDE74C200FF508E /* colorlesspoint.vsh */ = {isa = PBXFileReference; fileEncoding = 4; lastKnownFileType = sourcecode.glsl; name = colorlesspoint.vsh; path = ../JotUI/JotUI/colorlesspoint.vsh; sourceTree = "<group>"; };
		C56201C91DDE74C200FF508E /* coloredpoint.vsh */ = {isa = PBXFileReference; fileEncoding = 4; lastKnownFileType = sourcecode.glsl; name = coloredpoint.vsh; path = ../JotUI/JotUI/coloredpoint.vsh; sourceTree = "<group>"; };
		C56201CA1DDE74C200FF508E /* quad.vsh */ = {isa = PBXFileReference; fileEncoding = 4; lastKnownFileType = sourcecode.glsl; name = quad.vsh; path = ../JotUI/JotUI/quad.vsh; sourceTree = "<group>"; };
		C56201CB1DDE74C200FF508E /* quad.fsh */ = {isa = PBXFileReference; fileEncoding = 4; lastKnownFileType = sourcecode.glsl; name = quad.fsh; path = ../JotUI/JotUI/quad.fsh; sourceTree = "<group>"; };
		C56201CC1DDE74C200FF508E /* stencil.fsh */ = {isa = PBXFileReference; fileEncoding = 4; lastKnownFileType = sourcecode.glsl; name = stencil.fsh; path = ../JotUI/JotUI/stencil.fsh; sourceTree = "<group>"; };
		C56201CD1DDE74C200FF508E /* point.fsh */ = {isa = PBXFileReference; fileEncoding = 4; lastKnownFileType = sourcecode.glsl; name = point.fsh; path = ../JotUI/JotUI/point.fsh; sourceTree = "<group>"; };
		C584F8301C37C14C00413840 /* point.vsh */ = {isa = PBXFileReference; fileEncoding = 4; lastKnownFileType = sourcecode.glsl; path = point.vsh; sourceTree = "<group>"; };
		C584F8341C37C4AB00413840 /* Particle.png */ = {isa = PBXFileReference; lastKnownFileType = image.png; path = Particle.png; sourceTree = "<group>"; };
		C59C7D93207F00210030634A /* SquareBrushTexture.m */ = {isa = PBXFileReference; fileEncoding = 4; lastKnownFileType = sourcecode.c.objc; name = SquareBrushTexture.m; path = ../../JotUI/JotUI/SquareBrushTexture.m; sourceTree = "<group>"; };
		C59C7D94207F00210030634A /* SquareBrushTexture.h */ = {isa = PBXFileReference; fileEncoding = 4; lastKnownFileType = sourcecode.c.h; name = SquareBrushTexture.h; path = ../../JotUI/JotUI/SquareBrushTexture.h; sourceTree = "<group>"; };
		C5C459E91DBF155900C50EA7 /* JotUI.framework */ = {isa = PBXFileReference; lastKnownFileType = wrapper.framework; name = JotUI.framework; path = "../../../../Library/Developer/Xcode/DerivedData/JotUI-gwtuddnpdsuqegaloczvhymgkvbq/Build/Products/Debug-iphoneos/JotUI.framework"; sourceTree = "<group>"; };
		C5E0C8121E04A95900D8E301 /* ViewController~iphone.xib */ = {isa = PBXFileReference; fileEncoding = 4; lastKnownFileType = file.xib; path = "ViewController~iphone.xib"; sourceTree = "<group>"; };
/* End PBXFileReference section */

/* Begin PBXFrameworksBuildPhase section */
		66F9214016734FF000B1F868 /* Frameworks */ = {
			isa = PBXFrameworksBuildPhase;
			buildActionMask = 2147483647;
			files = (
				054419E320BBD198004CAAFA /* GameKit.framework in Frameworks */,
				C5C459EA1DBF155900C50EA7 /* JotUI.framework in Frameworks */,
				C5018DEF1C2BCE5100A68A1C /* CoreMotion.framework in Frameworks */,
				C5018DED1C2BCE4A00A68A1C /* SystemConfiguration.framework in Frameworks */,
				668B560916F25B24000F6674 /* CoreGraphics.framework in Frameworks */,
				669B3A9E1692BC4500F12F42 /* OpenGLES.framework in Frameworks */,
				668B560A16F25BA6000F6674 /* QuartzCore.framework in Frameworks */,
				054419E520BBD19C004CAAFA /* StoreKit.framework in Frameworks */,
				66F9214816734FF000B1F868 /* UIKit.framework in Frameworks */,
				66F9214A16734FF000B1F868 /* Foundation.framework in Frameworks */,
			);
			runOnlyForDeploymentPostprocessing = 0;
		};
/* End PBXFrameworksBuildPhase section */

/* Begin PBXGroup section */
		05E8120E20579FF700BA6F97 /* Fonts */ = {
			isa = PBXGroup;
			children = (
				05E8120F2057A11600BA6F97 /* Linotype - Neue Haas Grotesk Display Pro 55 Roman.ttf */,
				05E812102057A11700BA6F97 /* Rene Bieder - Galano Grotesque Bold.otf */,
			);
			path = Fonts;
			sourceTree = "<group>";
		};
		6645055316EFCD1F00B90511 /* Default and Icon */ = {
			isa = PBXGroup;
			children = (
				66F9215916734FF000B1F868 /* Default.png */,
				66F9215B16734FF000B1F868 /* Default@2x.png */,
				66F9215D16734FF000B1F868 /* Default-568h@2x.png */,
			);
			name = "Default and Icon";
			sourceTree = "<group>";
		};
		66910E8516803FA50046EE12 /* Pen Styles */ = {
			isa = PBXGroup;
			children = (
				C59C7D94207F00210030634A /* SquareBrushTexture.h */,
				C59C7D93207F00210030634A /* SquareBrushTexture.m */,
				66910E8716803FCF0046EE12 /* Pen.h */,
				66910E8816803FCF0046EE12 /* Pen.m */,
				C5395C2121CEEC2D0087B332 /* Highlighter.h */,
				C5395C2221CEEC2D0087B332 /* Highlighter.m */,
				66910E92168043400046EE12 /* Marker.h */,
				66910E93168043400046EE12 /* Marker.m */,
				66AA5F8A169E20420046CA26 /* Eraser.h */,
				66AA5F8B169E20420046CA26 /* Eraser.m */,
			);
			name = "Pen Styles";
			sourceTree = "<group>";
		};
		66A6E13116ADE24600651417 /* Pen Images */ = {
			isa = PBXGroup;
			children = (
				C5395C2421CEEE5C0087B332 /* highlighter.png */,
				6625FBB0174C219D009CC541 /* Filled.png */,
				66A340211694D3890093E81A /* Rectangle.png */,
				669B3AC51692C6E300F12F42 /* FadedCircle.png */,
				669B3ACC169378DB00F12F42 /* Square.png */,
				669B3ACA1692CB4C00F12F42 /* Circle.png */,
			);
			name = "Pen Images";
			sourceTree = "<group>";
		};
		66AA5F4C169946760046CA26 /* Images */ = {
			isa = PBXGroup;
			children = (
				05312C32207373D700A5AD0A /* icons8-home-page-filled-100-white.png */,
				05312C33207373D800A5AD0A /* icons8-home-page-filled-100.png */,
				053AEEE4206139B800B0AB6E /* helpPage1.pdf */,
				053AEEE620613E7700B0AB6E /* helpPage2.pdf */,
				053AEEE720613E7700B0AB6E /* helpPage3.pdf */,
				053AEED02060CE1800B0AB6E /* icons8-paint-100-white.png */,
				053AEED22060CE1900B0AB6E /* icons8-paint-100.png */,
				053AEED42060CE1A00B0AB6E /* icons8-paint-brush-100-white.png */,
				053AEECD2060CE1700B0AB6E /* icons8-paint-brush-100.png */,
				053AEECE2060CE1800B0AB6E /* icons8-paint-brush-filled-100-white.png */,
				053AEECF2060CE1800B0AB6E /* icons8-paint-brush-filled-100.png */,
				053AEED12060CE1900B0AB6E /* icons8-paint-filled-100-white.png */,
				053AEED32060CE1900B0AB6E /* icons8-paint-filled-100.png */,
				057B0A752043E5A5002080DF /* icons8-back-arrow-white-100.png */,
				057B0A732043E5A3002080DF /* icons8-cancel-white-500.png */,
				057B0A712043E5A2002080DF /* icons8-forward-arrow-white-100.png */,
				057B0A722043E5A2002080DF /* icons8-help-white-100.png */,
				057B0A742043E5A4002080DF /* icons8-ok-white-500.png */,
				057B0A702043E5A0002080DF /* icons8-settings-white-100.png */,
				057B0A762043E5A6002080DF /* icons8-trash-can-white-500.png */,
				05481562202829FA00442C26 /* icons8-cancel-500.png */,
				05481560202829F900442C26 /* icons8-cancel-filled-500.png */,
				0548155D202829F800442C26 /* icons8-ok-500.png */,
				05481561202829FA00442C26 /* icons8-ok-filled-500.png */,
				0548155E202829F800442C26 /* icons8-trash-can-500.png */,
				0548155F202829F900442C26 /* icons8-trash-can-filled-500.png */,
				054815562027CD3100442C26 /* icons8-cancel-100.png */,
				054815572027CD3200442C26 /* icons8-cancel-filled-100.png */,
				054815542027C8C500442C26 /* icons8-help-100.png */,
				054815522027C87300442C26 /* icons8-info-100.png */,
				0586EB262020479400E7520F /* icons8-settings-100.png */,
				0586EB1F202046A800E7520F /* icons8-back-arrow-100.png */,
				0586EB1E202046A800E7520F /* icons8-forward-arrow-100.png */,
				0586EB21202046A900E7520F /* icons8-ok-100.png */,
				0586EB20202046A800E7520F /* icons8-waste-100.png */,
				6645055416EFCD7E00B90511 /* check.png */,
				6645055516EFCD7E00B90511 /* check@2x.png */,
				66AA5F4D169946A60046CA26 /* button-reset-ruby.png */,
				66AA5F4E169946A60046CA26 /* button-reset-ruby@2x.png */,
				66AA5F4F169946A60046CA26 /* button-reset.png */,
				66AA5F51169946A60046CA26 /* button-reset@2x.png */,
			);
			name = Images;
			sourceTree = "<group>";
		};
		66F9213816734FF000B1F868 = {
			isa = PBXGroup;
			children = (
				05AD04A0204E75B8007CACEE /* charcoal.png */,
				0562BBAC1F95920700272B6E /* Launch Screen.storyboard */,
				05F4311E1F957A2300143B28 /* Media.xcassets */,
				C56201C81DDE74C200FF508E /* colorlesspoint.vsh */,
				C56201C91DDE74C200FF508E /* coloredpoint.vsh */,
				C56201CA1DDE74C200FF508E /* quad.vsh */,
				C56201CB1DDE74C200FF508E /* quad.fsh */,
				C56201CC1DDE74C200FF508E /* stencil.fsh */,
				C56201CD1DDE74C200FF508E /* point.fsh */,
				C584F82F1C37C14100413840 /* Shaders */,
				66F9214D16734FF000B1F868 /* modpain */,
				66F9214616734FF000B1F868 /* Frameworks */,
				66F9214416734FF000B1F868 /* Products */,
			);
			sourceTree = "<group>";
		};
		66F9214416734FF000B1F868 /* Products */ = {
			isa = PBXGroup;
			children = (
				66F9214316734FF000B1F868 /* modpain.app */,
			);
			name = Products;
			sourceTree = "<group>";
		};
		66F9214616734FF000B1F868 /* Frameworks */ = {
			isa = PBXGroup;
			children = (
				054419E420BBD19C004CAAFA /* StoreKit.framework */,
				054419E220BBD198004CAAFA /* GameKit.framework */,
				C5C459E91DBF155900C50EA7 /* JotUI.framework */,
				C5018DEE1C2BCE5100A68A1C /* CoreMotion.framework */,
				C5018DEC1C2BCE4A00A68A1C /* SystemConfiguration.framework */,
				66F923061677C85F00B1F868 /* JotUI */,
				66F9214716734FF000B1F868 /* UIKit.framework */,
				66F9214916734FF000B1F868 /* Foundation.framework */,
			);
			name = Frameworks;
			sourceTree = "<group>";
		};
		66F9214D16734FF000B1F868 /* modpain */ = {
			isa = PBXGroup;
			children = (
				66F9215616734FF000B1F868 /* AppDelegate.h */,
				66F9215716734FF000B1F868 /* AppDelegate.m */,
				0548155A2027CDF400442C26 /* HelpViewController.h */,
				0548155B2027CDF400442C26 /* HelpViewController.m */,
				66F9215F16734FF000B1F868 /* ViewController.h */,
				66F9216016734FF000B1F868 /* ViewController.m */,
				0548156C2028477E00442C26 /* PermissionViewController.h */,
				0548156D2028477E00442C26 /* PermissionViewController.m */,
				05481569202842EB00442C26 /* SubmitViewController.h */,
				0548156A202842EB00442C26 /* SubmitViewController.m */,
				053AEEDD2060D81C00B0AB6E /* PageContentViewController.h */,
				053AEEDE2060D81C00B0AB6E /* PageContentViewController.m */,
				0586EB2820204D6000E7520F /* Main.storyboard */,
				66AA5F5D169949A90046CA26 /* ViewController.xib */,
				C5E0C8121E04A95900D8E301 /* ViewController~iphone.xib */,
				66910E8516803FA50046EE12 /* Pen Styles */,
				66F9214E16734FF000B1F868 /* Supporting Files */,
				057EE8BE20858DCC00BFFF49 /* Settings.bundle */,
			);
			path = modpain;
			sourceTree = "<group>";
		};
		66F9214E16734FF000B1F868 /* Supporting Files */ = {
			isa = PBXGroup;
			children = (
				05E8120E20579FF700BA6F97 /* Fonts */,
				66A6E13116ADE24600651417 /* Pen Images */,
				66AA5F4C169946760046CA26 /* Images */,
				6645055316EFCD1F00B90511 /* Default and Icon */,
				66F9214F16734FF000B1F868 /* modpain-Info.plist */,
				66F9215016734FF000B1F868 /* InfoPlist.strings */,
				66F9215316734FF000B1F868 /* main.m */,
				66F9215516734FF000B1F868 /* modpain-Prefix.pch */,
			);
			name = "Supporting Files";
			sourceTree = "<group>";
		};
		66F923061677C85F00B1F868 /* JotUI */ = {
			isa = PBXGroup;
			children = (
				669B3AA31692BD6E00F12F42 /* QuartzCore.framework */,
				669B3AA11692BC7D00F12F42 /* CoreGraphics.framework */,
				669B3A9D1692BC4500F12F42 /* OpenGLES.framework */,
			);
			name = JotUI;
			sourceTree = "<group>";
		};
		C584F82F1C37C14100413840 /* Shaders */ = {
			isa = PBXGroup;
			children = (
				C584F8341C37C4AB00413840 /* Particle.png */,
				C584F8301C37C14C00413840 /* point.vsh */,
			);
			name = Shaders;
			sourceTree = "<group>";
		};
/* End PBXGroup section */

/* Begin PBXNativeTarget section */
		66F9214216734FF000B1F868 /* modpain */ = {
			isa = PBXNativeTarget;
			buildConfigurationList = 66F9216716734FF000B1F868 /* Build configuration list for PBXNativeTarget "modpain" */;
			buildPhases = (
				66F9213F16734FF000B1F868 /* Sources */,
				66F9214016734FF000B1F868 /* Frameworks */,
				66F9214116734FF000B1F868 /* Resources */,
			);
			buildRules = (
			);
			dependencies = (
			);
			name = modpain;
			productName = jotuiexample;
			productReference = 66F9214316734FF000B1F868 /* modpain.app */;
			productType = "com.apple.product-type.application";
		};
/* End PBXNativeTarget section */

/* Begin PBXProject section */
		66F9213A16734FF000B1F868 /* Project object */ = {
			isa = PBXProject;
			attributes = {
				LastUpgradeCheck = 0930;
				ORGANIZATIONNAME = "Milestone Made";
				TargetAttributes = {
					66F9214216734FF000B1F868 = {
						DevelopmentTeam = 4P8S9W2NYL;
						ProvisioningStyle = Automatic;
						SystemCapabilities = {
							com.apple.GameCenter.iOS = {
								enabled = 1;
							};
							com.apple.InAppPurchase = {
								enabled = 1;
							};
						};
					};
				};
			};
			buildConfigurationList = 66F9213D16734FF000B1F868 /* Build configuration list for PBXProject "modpain" */;
			compatibilityVersion = "Xcode 3.2";
			developmentRegion = English;
			hasScannedForEncodings = 0;
			knownRegions = (
				en,
			);
			mainGroup = 66F9213816734FF000B1F868;
			productRefGroup = 66F9214416734FF000B1F868 /* Products */;
			projectDirPath = "";
			projectRoot = "";
			targets = (
				66F9214216734FF000B1F868 /* modpain */,
			);
		};
/* End PBXProject section */

/* Begin PBXResourcesBuildPhase section */
		66F9214116734FF000B1F868 /* Resources */ = {
			isa = PBXResourcesBuildPhase;
			buildActionMask = 2147483647;
			files = (
				05AD04A1204E75B8007CACEE /* charcoal.png in Resources */,
				66F9215216734FF000B1F868 /* InfoPlist.strings in Resources */,
				05481564202829FB00442C26 /* icons8-trash-can-500.png in Resources */,
				C56201CE1DDE74C200FF508E /* colorlesspoint.vsh in Resources */,
				C56201CF1DDE74C200FF508E /* coloredpoint.vsh in Resources */,
				C56201D01DDE74C200FF508E /* quad.vsh in Resources */,
				05481566202829FB00442C26 /* icons8-cancel-filled-500.png in Resources */,
				05481563202829FB00442C26 /* icons8-ok-500.png in Resources */,
				05E812112057A11800BA6F97 /* Linotype - Neue Haas Grotesk Display Pro 55 Roman.ttf in Resources */,
				05481568202829FB00442C26 /* icons8-cancel-500.png in Resources */,
				053AEEE5206139B900B0AB6E /* helpPage1.pdf in Resources */,
				0586EB23202046A900E7520F /* icons8-back-arrow-100.png in Resources */,
				0562BBAD1F95920700272B6E /* Launch Screen.storyboard in Resources */,
				053AEEE820613E7800B0AB6E /* helpPage2.pdf in Resources */,
				C56201D11DDE74C200FF508E /* quad.fsh in Resources */,
				0586EB22202046A900E7520F /* icons8-forward-arrow-100.png in Resources */,
				053AEED82060CE1A00B0AB6E /* icons8-paint-100-white.png in Resources */,
				0586EB24202046A900E7520F /* icons8-waste-100.png in Resources */,
				05481567202829FB00442C26 /* icons8-ok-filled-500.png in Resources */,
				05F4311F1F957A2300143B28 /* Media.xcassets in Resources */,
				053AEEDC2060CE1A00B0AB6E /* icons8-paint-brush-100-white.png in Resources */,
				05312C34207373D800A5AD0A /* icons8-home-page-filled-100-white.png in Resources */,
				0586EB272020479500E7520F /* icons8-settings-100.png in Resources */,
				0586EB2920204D6000E7520F /* Main.storyboard in Resources */,
				054815582027CD3200442C26 /* icons8-cancel-100.png in Resources */,
				C56201D21DDE74C200FF508E /* stencil.fsh in Resources */,
				C56201D31DDE74C200FF508E /* point.fsh in Resources */,
				05E812122057A11800BA6F97 /* Rene Bieder - Galano Grotesque Bold.otf in Resources */,
				66F9215A16734FF000B1F868 /* Default.png in Resources */,
				0586EB25202046A900E7520F /* icons8-ok-100.png in Resources */,
				66F9215C16734FF000B1F868 /* Default@2x.png in Resources */,
				054815532027C87300442C26 /* icons8-info-100.png in Resources */,
				057B0A7C2043E5A7002080DF /* icons8-back-arrow-white-100.png in Resources */,
				66F9215E16734FF000B1F868 /* Default-568h@2x.png in Resources */,
				C5E0C8131E04A95900D8E301 /* ViewController~iphone.xib in Resources */,
				C5395C2521CEEE5C0087B332 /* highlighter.png in Resources */,
				669B3AC61692C6E300F12F42 /* FadedCircle.png in Resources */,
				057B0A792043E5A7002080DF /* icons8-help-white-100.png in Resources */,
				057B0A7B2043E5A7002080DF /* icons8-ok-white-500.png in Resources */,
				669B3ACB1692CB4C00F12F42 /* Circle.png in Resources */,
				057B0A7D2043E5A7002080DF /* icons8-trash-can-white-500.png in Resources */,
				053AEEDA2060CE1A00B0AB6E /* icons8-paint-100.png in Resources */,
				057B0A7A2043E5A7002080DF /* icons8-cancel-white-500.png in Resources */,
				053AEED52060CE1A00B0AB6E /* icons8-paint-brush-100.png in Resources */,
				669B3ACD169378DB00F12F42 /* Square.png in Resources */,
				66A340221694D3890093E81A /* Rectangle.png in Resources */,
				054815592027CD3200442C26 /* icons8-cancel-filled-100.png in Resources */,
				053AEED72060CE1A00B0AB6E /* icons8-paint-brush-filled-100.png in Resources */,
				057B0A782043E5A7002080DF /* icons8-forward-arrow-white-100.png in Resources */,
				05312C35207373D800A5AD0A /* icons8-home-page-filled-100.png in Resources */,
				054815552027C8C600442C26 /* icons8-help-100.png in Resources */,
				053AEEDB2060CE1A00B0AB6E /* icons8-paint-filled-100.png in Resources */,
				05481565202829FB00442C26 /* icons8-trash-can-filled-500.png in Resources */,
				66AA5F55169946A60046CA26 /* button-reset-ruby.png in Resources */,
				66AA5F56169946A60046CA26 /* button-reset-ruby@2x.png in Resources */,
				053AEEE920613E7800B0AB6E /* helpPage3.pdf in Resources */,
				053AEED92060CE1A00B0AB6E /* icons8-paint-filled-100-white.png in Resources */,
				66AA5F57169946A60046CA26 /* button-reset.png in Resources */,
				66AA5F59169946A60046CA26 /* button-reset@2x.png in Resources */,
				053AEED62060CE1A00B0AB6E /* icons8-paint-brush-filled-100-white.png in Resources */,
				66AA5F5E169949AA0046CA26 /* ViewController.xib in Resources */,
				057B0A772043E5A7002080DF /* icons8-settings-white-100.png in Resources */,
				C584F8351C37C4AB00413840 /* Particle.png in Resources */,
				6645055616EFCD7E00B90511 /* check.png in Resources */,
				6645055716EFCD7E00B90511 /* check@2x.png in Resources */,
				057EE8BF20858DCC00BFFF49 /* Settings.bundle in Resources */,
				6625FBB1174C219D009CC541 /* Filled.png in Resources */,
			);
			runOnlyForDeploymentPostprocessing = 0;
		};
/* End PBXResourcesBuildPhase section */

/* Begin PBXSourcesBuildPhase section */
		66F9213F16734FF000B1F868 /* Sources */ = {
			isa = PBXSourcesBuildPhase;
			buildActionMask = 2147483647;
			files = (
				66F9215416734FF000B1F868 /* main.m in Sources */,
				C59C7D95207F00210030634A /* SquareBrushTexture.m in Sources */,
				66F9215816734FF000B1F868 /* AppDelegate.m in Sources */,
				66F9216116734FF000B1F868 /* ViewController.m in Sources */,
				66910E8916803FCF0046EE12 /* Pen.m in Sources */,
				0548156B202842EB00442C26 /* SubmitViewController.m in Sources */,
				0548155C2027CDF400442C26 /* HelpViewController.m in Sources */,
				66910E94168043400046EE12 /* Marker.m in Sources */,
				053AEEDF2060D81C00B0AB6E /* PageContentViewController.m in Sources */,
				0548156E2028477E00442C26 /* PermissionViewController.m in Sources */,
				66AA5F8C169E20420046CA26 /* Eraser.m in Sources */,
				C5395C2321CEEC2D0087B332 /* Highlighter.m in Sources */,
			);
			runOnlyForDeploymentPostprocessing = 0;
		};
/* End PBXSourcesBuildPhase section */

/* Begin PBXVariantGroup section */
		66F9215016734FF000B1F868 /* InfoPlist.strings */ = {
			isa = PBXVariantGroup;
			children = (
				66F9215116734FF000B1F868 /* en */,
			);
			name = InfoPlist.strings;
			sourceTree = "<group>";
		};
/* End PBXVariantGroup section */

/* Begin XCBuildConfiguration section */
		66F9216516734FF000B1F868 /* Debug */ = {
			isa = XCBuildConfiguration;
			buildSettings = {
				ALWAYS_SEARCH_USER_PATHS = NO;
				CLANG_CXX_LANGUAGE_STANDARD = "gnu++0x";
				CLANG_CXX_LIBRARY = "libc++";
				CLANG_WARN_BLOCK_CAPTURE_AUTORELEASING = YES;
				CLANG_WARN_BOOL_CONVERSION = YES;
				CLANG_WARN_COMMA = YES;
				CLANG_WARN_CONSTANT_CONVERSION = YES;
				CLANG_WARN_DEPRECATED_OBJC_IMPLEMENTATIONS = YES;
				CLANG_WARN_EMPTY_BODY = YES;
				CLANG_WARN_ENUM_CONVERSION = YES;
				CLANG_WARN_INFINITE_RECURSION = YES;
				CLANG_WARN_INT_CONVERSION = YES;
				CLANG_WARN_NON_LITERAL_NULL_CONVERSION = YES;
				CLANG_WARN_OBJC_IMPLICIT_RETAIN_SELF = YES;
				CLANG_WARN_OBJC_LITERAL_CONVERSION = YES;
				CLANG_WARN_RANGE_LOOP_ANALYSIS = YES;
				CLANG_WARN_STRICT_PROTOTYPES = YES;
				CLANG_WARN_SUSPICIOUS_MOVE = YES;
				CLANG_WARN_UNREACHABLE_CODE = YES;
				CLANG_WARN__DUPLICATE_METHOD_MATCH = YES;
				"CODE_SIGN_IDENTITY[sdk=iphoneos*]" = "iPhone Developer";
				COPY_PHASE_STRIP = NO;
				ENABLE_BITCODE = NO;
				ENABLE_STRICT_OBJC_MSGSEND = YES;
				ENABLE_TESTABILITY = YES;
				GCC_C_LANGUAGE_STANDARD = gnu99;
				GCC_DYNAMIC_NO_PIC = NO;
				GCC_NO_COMMON_BLOCKS = YES;
				GCC_OPTIMIZATION_LEVEL = 0;
				GCC_PREPROCESSOR_DEFINITIONS = (
					"DEBUG=1",
					"$(inherited)",
				);
				GCC_SYMBOLS_PRIVATE_EXTERN = NO;
				GCC_WARN_64_TO_32_BIT_CONVERSION = YES;
				GCC_WARN_ABOUT_RETURN_TYPE = YES;
				GCC_WARN_UNDECLARED_SELECTOR = YES;
				GCC_WARN_UNINITIALIZED_AUTOS = YES;
				GCC_WARN_UNUSED_FUNCTION = YES;
				GCC_WARN_UNUSED_VARIABLE = YES;
				ONLY_ACTIVE_ARCH = YES;
				SDKROOT = iphoneos;
				TARGETED_DEVICE_FAMILY = 2;
			};
			name = Debug;
		};
		66F9216616734FF000B1F868 /* Release */ = {
			isa = XCBuildConfiguration;
			buildSettings = {
				ALWAYS_SEARCH_USER_PATHS = NO;
				CLANG_CXX_LANGUAGE_STANDARD = "gnu++0x";
				CLANG_CXX_LIBRARY = "libc++";
				CLANG_WARN_BLOCK_CAPTURE_AUTORELEASING = YES;
				CLANG_WARN_BOOL_CONVERSION = YES;
				CLANG_WARN_COMMA = YES;
				CLANG_WARN_CONSTANT_CONVERSION = YES;
				CLANG_WARN_DEPRECATED_OBJC_IMPLEMENTATIONS = YES;
				CLANG_WARN_EMPTY_BODY = YES;
				CLANG_WARN_ENUM_CONVERSION = YES;
				CLANG_WARN_INFINITE_RECURSION = YES;
				CLANG_WARN_INT_CONVERSION = YES;
				CLANG_WARN_NON_LITERAL_NULL_CONVERSION = YES;
				CLANG_WARN_OBJC_IMPLICIT_RETAIN_SELF = YES;
				CLANG_WARN_OBJC_LITERAL_CONVERSION = YES;
				CLANG_WARN_RANGE_LOOP_ANALYSIS = YES;
				CLANG_WARN_STRICT_PROTOTYPES = YES;
				CLANG_WARN_SUSPICIOUS_MOVE = YES;
				CLANG_WARN_UNREACHABLE_CODE = YES;
				CLANG_WARN__DUPLICATE_METHOD_MATCH = YES;
				"CODE_SIGN_IDENTITY[sdk=iphoneos*]" = "iPhone Developer";
				COPY_PHASE_STRIP = YES;
				ENABLE_BITCODE = NO;
				ENABLE_STRICT_OBJC_MSGSEND = YES;
				GCC_C_LANGUAGE_STANDARD = gnu99;
				GCC_NO_COMMON_BLOCKS = YES;
				GCC_WARN_64_TO_32_BIT_CONVERSION = YES;
				GCC_WARN_ABOUT_RETURN_TYPE = YES;
				GCC_WARN_UNDECLARED_SELECTOR = YES;
				GCC_WARN_UNINITIALIZED_AUTOS = YES;
				GCC_WARN_UNUSED_FUNCTION = YES;
				GCC_WARN_UNUSED_VARIABLE = YES;
				OTHER_CFLAGS = "-DNS_BLOCK_ASSERTIONS=1";
				SDKROOT = iphoneos;
				TARGETED_DEVICE_FAMILY = 2;
				VALIDATE_PRODUCT = YES;
			};
			name = Release;
		};
		66F9216816734FF000B1F868 /* Debug */ = {
			isa = XCBuildConfiguration;
			buildSettings = {
				ASSETCATALOG_COMPILER_APPICON_NAME = AppIcon;
				CLANG_ENABLE_OBJC_ARC = YES;
				"CODE_SIGN_IDENTITY[sdk=iphoneos*]" = "iPhone Developer";
				DEVELOPMENT_TEAM = 4P8S9W2NYL;
				FRAMEWORK_SEARCH_PATHS = "$(inherited)";
				GCC_PRECOMPILE_PREFIX_HEADER = YES;
				GCC_PREFIX_HEADER = "modpain/modpain-Prefix.pch";
				INFOPLIST_FILE = "modpain/modpain-Info.plist";
				IPHONEOS_DEPLOYMENT_TARGET = 9.0;
				OTHER_LDFLAGS = (
					"-fobjc-arc",
					"-ObjC",
				);
				PRODUCT_BUNDLE_IDENTIFIER = "com.sighmon.draw-your-pain";
				PRODUCT_NAME = "$(TARGET_NAME)";
				TARGETED_DEVICE_FAMILY = "1,2";
				WRAPPER_EXTENSION = app;
			};
			name = Debug;
		};
		66F9216916734FF000B1F868 /* Release */ = {
			isa = XCBuildConfiguration;
			buildSettings = {
				ASSETCATALOG_COMPILER_APPICON_NAME = AppIcon;
				CLANG_ENABLE_OBJC_ARC = YES;
				"CODE_SIGN_IDENTITY[sdk=iphoneos*]" = "iPhone Developer";
				DEVELOPMENT_TEAM = 4P8S9W2NYL;
				FRAMEWORK_SEARCH_PATHS = "$(inherited)";
				GCC_PRECOMPILE_PREFIX_HEADER = YES;
				GCC_PREFIX_HEADER = "modpain/modpain-Prefix.pch";
				INFOPLIST_FILE = "modpain/modpain-Info.plist";
				IPHONEOS_DEPLOYMENT_TARGET = 9.0;
				OTHER_LDFLAGS = (
					"-fobjc-arc",
					"-ObjC",
				);
				PRODUCT_BUNDLE_IDENTIFIER = "com.sighmon.draw-your-pain";
				PRODUCT_NAME = "$(TARGET_NAME)";
				TARGETED_DEVICE_FAMILY = "1,2";
				WRAPPER_EXTENSION = app;
			};
			name = Release;
		};
/* End XCBuildConfiguration section */

/* Begin XCConfigurationList section */
		66F9213D16734FF000B1F868 /* Build configuration list for PBXProject "modpain" */ = {
			isa = XCConfigurationList;
			buildConfigurations = (
				66F9216516734FF000B1F868 /* Debug */,
				66F9216616734FF000B1F868 /* Release */,
			);
			defaultConfigurationIsVisible = 0;
			defaultConfigurationName = Release;
		};
		66F9216716734FF000B1F868 /* Build configuration list for PBXNativeTarget "modpain" */ = {
			isa = XCConfigurationList;
			buildConfigurations = (
				66F9216816734FF000B1F868 /* Debug */,
				66F9216916734FF000B1F868 /* Release */,
			);
			defaultConfigurationIsVisible = 0;
			defaultConfigurationName = Release;
		};
/* End XCConfigurationList section */
	};
	rootObject = 66F9213A16734FF000B1F868 /* Project object */;
}
